
Microsoft Visual Studio Solution File, Format Version 12.00
# Visual Studio 15
VisualStudioVersion = 15.0.28307.329
MinimumVisualStudioVersion = 10.0.40219.1
Project("{FAE04EC0-301F-11D3-BF4B-00C04F79EFBC}") = "rk_seikyu", "rk_seikyu.csproj", "{E686D0CE-538E-4BEE-9BCD-5C7E0DFE07FA}"
EndProject
Project("{54435603-DBB4-11D2-8724-00A0C9A8B90C}") = "Setup1", "Setup1\Setup1.vdproj", "{A03E215E-EE10-4144-ADE1-9B6CC7AE9320}"
EndProject
Global
	GlobalSection(SolutionConfigurationPlatforms) = preSolution
		CD_ROM|x86 = CD_ROM|x86
		Debug|x86 = Debug|x86
		DVD-5|x86 = DVD-5|x86
		Release|x86 = Release|x86
		SingleImage|x86 = SingleImage|x86
	EndGlobalSection
	GlobalSection(ProjectConfigurationPlatforms) = postSolution
		{E686D0CE-538E-4BEE-9BCD-5C7E0DFE07FA}.CD_ROM|x86.ActiveCfg = Release|x86
		{E686D0CE-538E-4BEE-9BCD-5C7E0DFE07FA}.CD_ROM|x86.Build.0 = Release|x86
		{E686D0CE-538E-4BEE-9BCD-5C7E0DFE07FA}.Debug|x86.ActiveCfg = Debug|x86
		{E686D0CE-538E-4BEE-9BCD-5C7E0DFE07FA}.Debug|x86.Build.0 = Debug|x86
		{E686D0CE-538E-4BEE-9BCD-5C7E0DFE07FA}.DVD-5|x86.ActiveCfg = Release|x86
		{E686D0CE-538E-4BEE-9BCD-5C7E0DFE07FA}.DVD-5|x86.Build.0 = Release|x86
		{E686D0CE-538E-4BEE-9BCD-5C7E0DFE07FA}.Release|x86.ActiveCfg = Release|x86
		{E686D0CE-538E-4BEE-9BCD-5C7E0DFE07FA}.Release|x86.Build.0 = Release|x86
		{E686D0CE-538E-4BEE-9BCD-5C7E0DFE07FA}.SingleImage|x86.ActiveCfg = Release|x86
		{E686D0CE-538E-4BEE-9BCD-5C7E0DFE07FA}.SingleImage|x86.Build.0 = Release|x86
		{A03E215E-EE10-4144-ADE1-9B6CC7AE9320}.CD_ROM|x86.ActiveCfg = Release
		{A03E215E-EE10-4144-ADE1-9B6CC7AE9320}.Debug|x86.ActiveCfg = Debug
		{A03E215E-EE10-4144-ADE1-9B6CC7AE9320}.DVD-5|x86.ActiveCfg = Debug
		{A03E215E-EE10-4144-ADE1-9B6CC7AE9320}.Release|x86.ActiveCfg = Release
		{A03E215E-EE10-4144-ADE1-9B6CC7AE9320}.SingleImage|x86.ActiveCfg = Release
	EndGlobalSection
	GlobalSection(SolutionProperties) = preSolution
		HideSolutionNode = FALSE
	EndGlobalSection
	GlobalSection(ExtensibilityGlobals) = postSolution
		SolutionGuid = {A723C434-93B6-465C-9DEE-91A4ECA17290}
		VisualSVNWorkingCopyRoot = .
	EndGlobalSection
	GlobalSection(SubversionScc) = preSolution
		Svn-Managed = True
		Manager = AnkhSVN - Subversion Support for Visual Studio
	EndGlobalSection
EndGlobal
